Microsoft Visual Studio Solution File, Format Version 11.00
# Visual Studio 2008

Project("{E030E249-6601-45FF-8A50-E0434A7B88FF}") = "SCITUM", "Assembly-CSharp.csproj", "{448802F0-DD32-4B3C-DA97-15835EF442F6}"
EndProject
Global
	GlobalSection(SolutionConfigurationPlatforms) = preSolution
		Debug|Any CPU = Debug|Any CPU
		Release|Any CPU = Release|Any CPU
	EndGlobalSection
	GlobalSection(ProjectConfigurationPlatforms) = postSolution
		{448802F0-DD32-4B3C-DA97-15835EF442F6}.Debug|Any CPU.ActiveCfg = Debug|Any CPU
		{448802F0-DD32-4B3C-DA97-15835EF442F6}.Debug|Any CPU.Build.0 = Debug|Any CPU
		{448802F0-DD32-4B3C-DA97-15835EF442F6}.Release|Any CPU.ActiveCfg = Release|Any CPU
		{448802F0-DD32-4B3C-DA97-15835EF442F6}.Release|Any CPU.Build.0 = Release|Any CPU
	EndGlobalSection
	GlobalSection(SolutionProperties) = preSolution
		HideSolutionNode = FALSE
	EndGlobalSection
	GlobalSection(MonoDevelopProperties) = preSolution
		StartupItem = Assembly-CSharp.csproj
	EndGlobalSection
EndGlobal
